
Microsoft Visual Studio Solution File, Format Version 12.00
Project("{FAE04EC0-301F-11D3-BF4B-00C04F79EFBC}") = "gc_management", "gc_management\gc_management.csproj", "{BD70E626-61E4-4D5B-B31C-9BEEC38B54DF}"
EndProject
Global
	GlobalSection(SolutionConfigurationPlatforms) = preSolution
		Debug|Any CPU = Debug|Any CPU
		Release|Any CPU = Release|Any CPU
	EndGlobalSection
	GlobalSection(ProjectConfigurationPlatforms) = postSolution
		{BD70E626-61E4-4D5B-B31C-9BEEC38B54DF}.Debug|Any CPU.ActiveCfg = Debug|Any CPU
		{BD70E626-61E4-4D5B-B31C-9BEEC38B54DF}.Debug|Any CPU.Build.0 = Debug|Any CPU
		{BD70E626-61E4-4D5B-B31C-9BEEC38B54DF}.Release|Any CPU.ActiveCfg = Release|Any CPU
		{BD70E626-61E4-4D5B-B31C-9BEEC38B54DF}.Release|Any CPU.Build.0 = Release|Any CPU
	EndGlobalSection
EndGlobal
